// !$*UTF8*$!
{
	archiveVersion = 1;
	classes = {
	};
	objectVersion = 50;
	objects = {

/* Begin PBXBuildFile section */
		FB425BD720C8187300B85E1C /* Measure.storyboard in Resources */ = {isa = PBXBuildFile; fileRef = FB425BD620C8187300B85E1C /* Measure.storyboard */; };
		FB425BD920C8188300B85E1C /* MeasureViewController.swift in Sources */ = {isa = PBXBuildFile; fileRef = FB425BD820C8188300B85E1C /* MeasureViewController.swift */; };
		FB425BDB20C8262600B85E1C /* MeasurePointView.xib in Resources */ = {isa = PBXBuildFile; fileRef = FB425BDA20C8262600B85E1C /* MeasurePointView.xib */; };
		FB425BDD20C8263700B85E1C /* MeasurePointView.swift in Sources */ = {isa = PBXBuildFile; fileRef = FB425BDC20C8263700B85E1C /* MeasurePointView.swift */; };
		FB425BDF20C82AEC00B85E1C /* MeasurePointPair.swift in Sources */ = {isa = PBXBuildFile; fileRef = FB425BDE20C82AEC00B85E1C /* MeasurePointPair.swift */; };
		FB425BE120C82C0600B85E1C /* MeasurePointType.swift in Sources */ = {isa = PBXBuildFile; fileRef = FB425BE020C82C0600B85E1C /* MeasurePointType.swift */; };
		FB6BCC5620C586FE002FB080 /* RealmSwift.framework in Frameworks */ = {isa = PBXBuildFile; fileRef = FB6BCC5420C586FE002FB080 /* RealmSwift.framework */; };
		FB6BCC5720C586FE002FB080 /* Realm.framework in Frameworks */ = {isa = PBXBuildFile; fileRef = FB6BCC5520C586FE002FB080 /* Realm.framework */; };
		FB6BCC5920C587E2002FB080 /* ImageData.swift in Sources */ = {isa = PBXBuildFile; fileRef = FB6BCC5820C587E2002FB080 /* ImageData.swift */; };
		FBA6A4A520CC10BC00EE7225 /* MeasureZoomView.swift in Sources */ = {isa = PBXBuildFile; fileRef = FBA6A4A420CC10BC00EE7225 /* MeasureZoomView.swift */; };
		FBA6A4A720CC10C600EE7225 /* MeasureZoomView.xib in Resources */ = {isa = PBXBuildFile; fileRef = FBA6A4A620CC10C600EE7225 /* MeasureZoomView.xib */; };
		FBC8294A20C577DE00F2CA11 /* AppDelegate.swift in Sources */ = {isa = PBXBuildFile; fileRef = FBC8294920C577DE00F2CA11 /* AppDelegate.swift */; };
		FBC8294C20C577DE00F2CA11 /* ViewController.swift in Sources */ = {isa = PBXBuildFile; fileRef = FBC8294B20C577DE00F2CA11 /* ViewController.swift */; };
		FBC8294F20C577DE00F2CA11 /* Main.storyboard in Resources */ = {isa = PBXBuildFile; fileRef = FBC8294D20C577DE00F2CA11 /* Main.storyboard */; };
		FBC8295120C577DF00F2CA11 /* Assets.xcassets in Resources */ = {isa = PBXBuildFile; fileRef = FBC8295020C577DF00F2CA11 /* Assets.xcassets */; };
		FBC8295420C577DF00F2CA11 /* LaunchScreen.storyboard in Resources */ = {isa = PBXBuildFile; fileRef = FBC8295220C577DF00F2CA11 /* LaunchScreen.storyboard */; };
		FBC8295C20C5795400F2CA11 /* Camera.storyboard in Resources */ = {isa = PBXBuildFile; fileRef = FBC8295B20C5795400F2CA11 /* Camera.storyboard */; };
		FBC8295E20C5795F00F2CA11 /* CameraViewController.swift in Sources */ = {isa = PBXBuildFile; fileRef = FBC8295D20C5795F00F2CA11 /* CameraViewController.swift */; };
		FBDC93FA20C6C773000045C6 /* List.storyboard in Resources */ = {isa = PBXBuildFile; fileRef = FBDC93F920C6C773000045C6 /* List.storyboard */; };
		FBDC93FC20C6C780000045C6 /* ListViewController.swift in Sources */ = {isa = PBXBuildFile; fileRef = FBDC93FB20C6C780000045C6 /* ListViewController.swift */; };
		FBDC93FE20C6C845000045C6 /* ListTableViewCell.swift in Sources */ = {isa = PBXBuildFile; fileRef = FBDC93FD20C6C845000045C6 /* ListTableViewCell.swift */; };
/* End PBXBuildFile section */

/* Begin PBXFileReference section */
		FB425BD620C8187300B85E1C /* Measure.storyboard */ = {isa = PBXFileReference; lastKnownFileType = file.storyboard; path = Measure.storyboard; sourceTree = "<group>"; };
		FB425BD820C8188300B85E1C /* MeasureViewController.swift */ = {isa = PBXFileReference; lastKnownFileType = sourcecode.swift; path = MeasureViewController.swift; sourceTree = "<group>"; };
		FB425BDA20C8262600B85E1C /* MeasurePointView.xib */ = {isa = PBXFileReference; lastKnownFileType = file.xib; path = MeasurePointView.xib; sourceTree = "<group>"; };
		FB425BDC20C8263700B85E1C /* MeasurePointView.swift */ = {isa = PBXFileReference; lastKnownFileType = sourcecode.swift; path = MeasurePointView.swift; sourceTree = "<group>"; };
		FB425BDE20C82AEC00B85E1C /* MeasurePointPair.swift */ = {isa = PBXFileReference; lastKnownFileType = sourcecode.swift; path = MeasurePointPair.swift; sourceTree = "<group>"; };
		FB425BE020C82C0600B85E1C /* MeasurePointType.swift */ = {isa = PBXFileReference; lastKnownFileType = sourcecode.swift; path = MeasurePointType.swift; sourceTree = "<group>"; };
		FB6BCC5420C586FE002FB080 /* RealmSwift.framework */ = {isa = PBXFileReference; lastKnownFileType = wrapper.framework; name = RealmSwift.framework; path = Carthage/Build/iOS/RealmSwift.framework; sourceTree = "<group>"; };
		FB6BCC5520C586FE002FB080 /* Realm.framework */ = {isa = PBXFileReference; lastKnownFileType = wrapper.framework; name = Realm.framework; path = Carthage/Build/iOS/Realm.framework; sourceTree = "<group>"; };
		FB6BCC5820C587E2002FB080 /* ImageData.swift */ = {isa = PBXFileReference; lastKnownFileType = sourcecode.swift; path = ImageData.swift; sourceTree = "<group>"; };
		FBA6A4A420CC10BC00EE7225 /* MeasureZoomView.swift */ = {isa = PBXFileReference; lastKnownFileType = sourcecode.swift; path = MeasureZoomView.swift; sourceTree = "<group>"; };
		FBA6A4A620CC10C600EE7225 /* MeasureZoomView.xib */ = {isa = PBXFileReference; lastKnownFileType = file.xib; path = MeasureZoomView.xib; sourceTree = "<group>"; };
		FBC8294620C577DE00F2CA11 /* BodyMeasure.app */ = {isa = PBXFileReference; explicitFileType = wrapper.application; includeInIndex = 0; path = BodyMeasure.app; sourceTree = BUILT_PRODUCTS_DIR; };
		FBC8294920C577DE00F2CA11 /* AppDelegate.swift */ = {isa = PBXFileReference; lastKnownFileType = sourcecode.swift; path = AppDelegate.swift; sourceTree = "<group>"; };
		FBC8294B20C577DE00F2CA11 /* ViewController.swift */ = {isa = PBXFileReference; lastKnownFileType = sourcecode.swift; path = ViewController.swift; sourceTree = "<group>"; };
		FBC8294E20C577DE00F2CA11 /* Base */ = {isa = PBXFileReference; lastKnownFileType = file.storyboard; name = Base; path = Base.lproj/Main.storyboard; sourceTree = "<group>"; };
		FBC8295020C577DF00F2CA11 /* Assets.xcassets */ = {isa = PBXFileReference; lastKnownFileType = folder.assetcatalog; path = Assets.xcassets; sourceTree = "<group>"; };
		FBC8295320C577DF00F2CA11 /* Base */ = {isa = PBXFileReference; lastKnownFileType = file.storyboard; name = Base; path = Base.lproj/LaunchScreen.storyboard; sourceTree = "<group>"; };
		FBC8295520C577DF00F2CA11 /* Info.plist */ = {isa = PBXFileReference; lastKnownFileType = text.plist.xml; path = Info.plist; sourceTree = "<group>"; };
		FBC8295B20C5795400F2CA11 /* Camera.storyboard */ = {isa = PBXFileReference; lastKnownFileType = file.storyboard; path = Camera.storyboard; sourceTree = "<group>"; };
		FBC8295D20C5795F00F2CA11 /* CameraViewController.swift */ = {isa = PBXFileReference; lastKnownFileType = sourcecode.swift; path = CameraViewController.swift; sourceTree = "<group>"; };
		FBDC93F920C6C773000045C6 /* List.storyboard */ = {isa = PBXFileReference; lastKnownFileType = file.storyboard; path = List.storyboard; sourceTree = "<group>"; };
		FBDC93FB20C6C780000045C6 /* ListViewController.swift */ = {isa = PBXFileReference; lastKnownFileType = sourcecode.swift; path = ListViewController.swift; sourceTree = "<group>"; };
		FBDC93FD20C6C845000045C6 /* ListTableViewCell.swift */ = {isa = PBXFileReference; lastKnownFileType = sourcecode.swift; path = ListTableViewCell.swift; sourceTree = "<group>"; };
/* End PBXFileReference section */

/* Begin PBXFrameworksBuildPhase section */
		FBC8294320C577DE00F2CA11 /* Frameworks */ = {
			isa = PBXFrameworksBuildPhase;
			buildActionMask = 2147483647;
			files = (
				FB6BCC5620C586FE002FB080 /* RealmSwift.framework in Frameworks */,
				FB6BCC5720C586FE002FB080 /* Realm.framework in Frameworks */,
			);
			runOnlyForDeploymentPostprocessing = 0;
		};
/* End PBXFrameworksBuildPhase section */

/* Begin PBXGroup section */
		FB6BCC5320C586FD002FB080 /* Frameworks */ = {
			isa = PBXGroup;
			children = (
				FB6BCC5520C586FE002FB080 /* Realm.framework */,
				FB6BCC5420C586FE002FB080 /* RealmSwift.framework */,
			);
			name = Frameworks;
			sourceTree = "<group>";
		};
		FBC8293D20C577DE00F2CA11 = {
			isa = PBXGroup;
			children = (
				FBC8294820C577DE00F2CA11 /* BodyMeasure */,
				FBC8294720C577DE00F2CA11 /* Products */,
				FB6BCC5320C586FD002FB080 /* Frameworks */,
			);
			sourceTree = "<group>";
		};
		FBC8294720C577DE00F2CA11 /* Products */ = {
			isa = PBXGroup;
			children = (
				FBC8294620C577DE00F2CA11 /* BodyMeasure.app */,
			);
			name = Products;
			sourceTree = "<group>";
		};
		FBC8294820C577DE00F2CA11 /* BodyMeasure */ = {
			isa = PBXGroup;
			children = (
				FBC8294920C577DE00F2CA11 /* AppDelegate.swift */,
				FBC8294B20C577DE00F2CA11 /* ViewController.swift */,
				FBC8294D20C577DE00F2CA11 /* Main.storyboard */,
				FBC8295020C577DF00F2CA11 /* Assets.xcassets */,
				FBC8295220C577DF00F2CA11 /* LaunchScreen.storyboard */,
				FBC8295520C577DF00F2CA11 /* Info.plist */,
				FBC8295B20C5795400F2CA11 /* Camera.storyboard */,
				FBC8295D20C5795F00F2CA11 /* CameraViewController.swift */,
				FB6BCC5820C587E2002FB080 /* ImageData.swift */,
				FBDC93F920C6C773000045C6 /* List.storyboard */,
				FBDC93FB20C6C780000045C6 /* ListViewController.swift */,
				FBDC93FD20C6C845000045C6 /* ListTableViewCell.swift */,
				FB425BD620C8187300B85E1C /* Measure.storyboard */,
				FB425BD820C8188300B85E1C /* MeasureViewController.swift */,
				FB425BDA20C8262600B85E1C /* MeasurePointView.xib */,
				FB425BDC20C8263700B85E1C /* MeasurePointView.swift */,
				FB425BDE20C82AEC00B85E1C /* MeasurePointPair.swift */,
				FB425BE020C82C0600B85E1C /* MeasurePointType.swift */,
				FBA6A4A620CC10C600EE7225 /* MeasureZoomView.xib */,
				FBA6A4A420CC10BC00EE7225 /* MeasureZoomView.swift */,
			);
			path = BodyMeasure;
			sourceTree = "<group>";
		};
/* End PBXGroup section */

/* Begin PBXNativeTarget section */
		FBC8294520C577DE00F2CA11 /* BodyMeasure */ = {
			isa = PBXNativeTarget;
			buildConfigurationList = FBC8295820C577DF00F2CA11 /* Build configuration list for PBXNativeTarget "BodyMeasure" */;
			buildPhases = (
				FBC8294220C577DE00F2CA11 /* Sources */,
				FBC8294320C577DE00F2CA11 /* Frameworks */,
				FBC8294420C577DE00F2CA11 /* Resources */,
				FB6BCC5220C586B1002FB080 /* ShellScript */,
			);
			buildRules = (
			);
			dependencies = (
			);
			name = BodyMeasure;
			productName = BodyMeasure;
			productReference = FBC8294620C577DE00F2CA11 /* BodyMeasure.app */;
			productType = "com.apple.product-type.application";
		};
/* End PBXNativeTarget section */

/* Begin PBXProject section */
		FBC8293E20C577DE00F2CA11 /* Project object */ = {
			isa = PBXProject;
			attributes = {
				LastSwiftUpdateCheck = 0930;
				LastUpgradeCheck = 0930;
				ORGANIZATIONNAME = kiizankiizan;
				TargetAttributes = {
					FBC8294520C577DE00F2CA11 = {
						CreatedOnToolsVersion = 9.3.1;
					};
				};
			};
			buildConfigurationList = FBC8294120C577DE00F2CA11 /* Build configuration list for PBXProject "BodyMeasure" */;
			compatibilityVersion = "Xcode 9.3";
			developmentRegion = en;
			hasScannedForEncodings = 0;
			knownRegions = (
				en,
				Base,
			);
			mainGroup = FBC8293D20C577DE00F2CA11;
			productRefGroup = FBC8294720C577DE00F2CA11 /* Products */;
			projectDirPath = "";
			projectRoot = "";
			targets = (
				FBC8294520C577DE00F2CA11 /* BodyMeasure */,
			);
		};
/* End PBXProject section */

/* Begin PBXResourcesBuildPhase section */
		FBC8294420C577DE00F2CA11 /* Resources */ = {
			isa = PBXResourcesBuildPhase;
			buildActionMask = 2147483647;
			files = (
				FBC8295420C577DF00F2CA11 /* LaunchScreen.storyboard in Resources */,
				FBC8295C20C5795400F2CA11 /* Camera.storyboard in Resources */,
				FBDC93FA20C6C773000045C6 /* List.storyboard in Resources */,
				FB425BDB20C8262600B85E1C /* MeasurePointView.xib in Resources */,
				FB425BD720C8187300B85E1C /* Measure.storyboard in Resources */,
				FBC8295120C577DF00F2CA11 /* Assets.xcassets in Resources */,
				FBA6A4A720CC10C600EE7225 /* MeasureZoomView.xib in Resources */,
				FBC8294F20C577DE00F2CA11 /* Main.storyboard in Resources */,
			);
			runOnlyForDeploymentPostprocessing = 0;
		};
/* End PBXResourcesBuildPhase section */

/* Begin PBXShellScriptBuildPhase section */
		FB6BCC5220C586B1002FB080 /* ShellScript */ = {
			isa = PBXShellScriptBuildPhase;
			buildActionMask = 8;
			files = (
			);
			inputPaths = (
				"$(SRCROOT)/Carthage/Build/iOS/Realm.framework",
				"$(SRCROOT)/Carthage/Build/iOS/RealmSwift.framework",
			);
			outputPaths = (
			);
			runOnlyForDeploymentPostprocessing = 1;
			shellPath = /bin/sh;
			shellScript = "/usr/local/bin/carthage copy-frameworks";
		};
/* End PBXShellScriptBuildPhase section */

/* Begin PBXSourcesBuildPhase section */
		FBC8294220C577DE00F2CA11 /* Sources */ = {
			isa = PBXSourcesBuildPhase;
			buildActionMask = 2147483647;
			files = (
				FB425BDF20C82AEC00B85E1C /* MeasurePointPair.swift in Sources */,
				FB425BE120C82C0600B85E1C /* MeasurePointType.swift in Sources */,
				FB425BDD20C8263700B85E1C /* MeasurePointView.swift in Sources */,
				FB425BD920C8188300B85E1C /* MeasureViewController.swift in Sources */,
				FBC8294C20C577DE00F2CA11 /* ViewController.swift in Sources */,
				FBC8294A20C577DE00F2CA11 /* AppDelegate.swift in Sources */,
				FBC8295E20C5795F00F2CA11 /* CameraViewController.swift in Sources */,
				FBDC93FC20C6C780000045C6 /* ListViewController.swift in Sources */,
				FBA6A4A520CC10BC00EE7225 /* MeasureZoomView.swift in Sources */,
				FB6BCC5920C587E2002FB080 /* ImageData.swift in Sources */,
				FBDC93FE20C6C845000045C6 /* ListTableViewCell.swift in Sources */,
			);
			runOnlyForDeploymentPostprocessing = 0;
		};
/* End PBXSourcesBuildPhase section */

/* Begin PBXVariantGroup section */
		FBC8294D20C577DE00F2CA11 /* Main.storyboard */ = {
			isa = PBXVariantGroup;
			children = (
				FBC8294E20C577DE00F2CA11 /* Base */,
			);
			name = Main.storyboard;
			sourceTree = "<group>";
		};
		FBC8295220C577DF00F2CA11 /* LaunchScreen.storyboard */ = {
			isa = PBXVariantGroup;
			children = (
				FBC8295320C577DF00F2CA11 /* Base */,
			);
			name = LaunchScreen.storyboard;
			sourceTree = "<group>";
		};
/* End PBXVariantGroup section */

/* Begin XCBuildConfiguration section */
		FBC8295620C577DF00F2CA11 /* Debug */ = {
			isa = XCBuildConfiguration;
			buildSettings = {
				ALWAYS_SEARCH_USER_PATHS = NO;
				CLANG_ANALYZER_NONNULL = YES;
				CLANG_ANALYZER_NUMBER_OBJECT_CONVERSION = YES_AGGRESSIVE;
				CLANG_CXX_LANGUAGE_STANDARD = "gnu++14";
				CLANG_CXX_LIBRARY = "libc++";
				CLANG_ENABLE_MODULES = YES;
				CLANG_ENABLE_OBJC_ARC = YES;
				CLANG_ENABLE_OBJC_WEAK = YES;
				CLANG_WARN_BLOCK_CAPTURE_AUTORELEASING = YES;
				CLANG_WARN_BOOL_CONVERSION = YES;
				CLANG_WARN_COMMA = YES;
				CLANG_WARN_CONSTANT_CONVERSION = YES;
				CLANG_WARN_DEPRECATED_OBJC_IMPLEMENTATIONS = YES;
				CLANG_WARN_DIRECT_OBJC_ISA_USAGE = YES_ERROR;
				CLANG_WARN_DOCUMENTATION_COMMENTS = YES;
				CLANG_WARN_EMPTY_BODY = YES;
				CLANG_WARN_ENUM_CONVERSION = YES;
				CLANG_WARN_INFINITE_RECURSION = YES;
				CLANG_WARN_INT_CONVERSION = YES;
				CLANG_WARN_NON_LITERAL_NULL_CONVERSION = YES;
				CLANG_WARN_OBJC_IMPLICIT_RETAIN_SELF = YES;
				CLANG_WARN_OBJC_LITERAL_CONVERSION = YES;
				CLANG_WARN_OBJC_ROOT_CLASS = YES_ERROR;
				CLANG_WARN_RANGE_LOOP_ANALYSIS = YES;
				CLANG_WARN_STRICT_PROTOTYPES = YES;
				CLANG_WARN_SUSPICIOUS_MOVE = YES;
				CLANG_WARN_UNGUARDED_AVAILABILITY = YES_AGGRESSIVE;
				CLANG_WARN_UNREACHABLE_CODE = YES;
				CLANG_WARN__DUPLICATE_METHOD_MATCH = YES;
				CODE_SIGN_IDENTITY = "iPhone Developer";
				COPY_PHASE_STRIP = NO;
				DEBUG_INFORMATION_FORMAT = dwarf;
				ENABLE_STRICT_OBJC_MSGSEND = YES;
				ENABLE_TESTABILITY = YES;
				GCC_C_LANGUAGE_STANDARD = gnu11;
				GCC_DYNAMIC_NO_PIC = NO;
				GCC_NO_COMMON_BLOCKS = YES;
				GCC_OPTIMIZATION_LEVEL = 0;
				GCC_PREPROCESSOR_DEFINITIONS = (
					"DEBUG=1",
					"$(inherited)",
				);
				GCC_WARN_64_TO_32_BIT_CONVERSION = YES;
				GCC_WARN_ABOUT_RETURN_TYPE = YES_ERROR;
				GCC_WARN_UNDECLARED_SELECTOR = YES;
				GCC_WARN_UNINITIALIZED_AUTOS = YES_AGGRESSIVE;
				GCC_WARN_UNUSED_FUNCTION = YES;
				GCC_WARN_UNUSED_VARIABLE = YES;
				IPHONEOS_DEPLOYMENT_TARGET = 11.3;
				MTL_ENABLE_DEBUG_INFO = YES;
				ONLY_ACTIVE_ARCH = YES;
				SDKROOT = iphoneos;
				SWIFT_ACTIVE_COMPILATION_CONDITIONS = DEBUG;
				SWIFT_OPTIMIZATION_LEVEL = "-Onone";
			};
			name = Debug;
		};
		FBC8295720C577DF00F2CA11 /* Release */ = {
			isa = XCBuildConfiguration;
			buildSettings = {
				ALWAYS_SEARCH_USER_PATHS = NO;
				CLANG_ANALYZER_NONNULL = YES;
				CLANG_ANALYZER_NUMBER_OBJECT_CONVERSION = YES_AGGRESSIVE;
				CLANG_CXX_LANGUAGE_STANDARD = "gnu++14";
				CLANG_CXX_LIBRARY = "libc++";
				CLANG_ENABLE_MODULES = YES;
				CLANG_ENABLE_OBJC_ARC = YES;
				CLANG_ENABLE_OBJC_WEAK = YES;
				CLANG_WARN_BLOCK_CAPTURE_AUTORELEASING = YES;
				CLANG_WARN_BOOL_CONVERSION = YES;
				CLANG_WARN_COMMA = YES;
				CLANG_WARN_CONSTANT_CONVERSION = YES;
				CLANG_WARN_DEPRECATED_OBJC_IMPLEMENTATIONS = YES;
				CLANG_WARN_DIRECT_OBJC_ISA_USAGE = YES_ERROR;
				CLANG_WARN_DOCUMENTATION_COMMENTS = YES;
				CLANG_WARN_EMPTY_BODY = YES;
				CLANG_WARN_ENUM_CONVERSION = YES;
				CLANG_WARN_INFINITE_RECURSION = YES;
				CLANG_WARN_INT_CONVERSION = YES;
				CLANG_WARN_NON_LITERAL_NULL_CONVERSION = YES;
				CLANG_WARN_OBJC_IMPLICIT_RETAIN_SELF = YES;
				CLANG_WARN_OBJC_LITERAL_CONVERSION = YES;
				CLANG_WARN_OBJC_ROOT_CLASS = YES_ERROR;
				CLANG_WARN_RANGE_LOOP_ANALYSIS = YES;
				CLANG_WARN_STRICT_PROTOTYPES = YES;
				CLANG_WARN_SUSPICIOUS_MOVE = YES;
				CLANG_WARN_UNGUARDED_AVAILABILITY = YES_AGGRESSIVE;
				CLANG_WARN_UNREACHABLE_CODE = YES;
				CLANG_WARN__DUPLICATE_METHOD_MATCH = YES;
				CODE_SIGN_IDENTITY = "iPhone Developer";
				COPY_PHASE_STRIP = NO;
				DEBUG_INFORMATION_FORMAT = "dwarf-with-dsym";
				ENABLE_NS_ASSERTIONS = NO;
				ENABLE_STRICT_OBJC_MSGSEND = YES;
				GCC_C_LANGUAGE_STANDARD = gnu11;
				GCC_NO_COMMON_BLOCKS = YES;
				GCC_WARN_64_TO_32_BIT_CONVERSION = YES;
				GCC_WARN_ABOUT_RETURN_TYPE = YES_ERROR;
				GCC_WARN_UNDECLARED_SELECTOR = YES;
				GCC_WARN_UNINITIALIZED_AUTOS = YES_AGGRESSIVE;
				GCC_WARN_UNUSED_FUNCTION = YES;
				GCC_WARN_UNUSED_VARIABLE = YES;
				IPHONEOS_DEPLOYMENT_TARGET = 11.3;
				MTL_ENABLE_DEBUG_INFO = NO;
				SDKROOT = iphoneos;
				SWIFT_COMPILATION_MODE = wholemodule;
				SWIFT_OPTIMIZATION_LEVEL = "-O";
				VALIDATE_PRODUCT = YES;
			};
			name = Release;
		};
		FBC8295920C577DF00F2CA11 /* Debug */ = {
			isa = XCBuildConfiguration;
			buildSettings = {
				ASSETCATALOG_COMPILER_APPICON_NAME = AppIcon;
				CODE_SIGN_STYLE = Automatic;
				DEVELOPMENT_TEAM = L3KVSF9U8Y;
				FRAMEWORK_SEARCH_PATHS = (
					"$(inherited)",
					"$(PROJECT_DIR)/Carthage/Build/iOS",
				);
				INFOPLIST_FILE = BodyMeasure/Info.plist;
				IPHONEOS_DEPLOYMENT_TARGET = 11.0;
				LD_RUNPATH_SEARCH_PATHS = (
					"$(inherited)",
					"@executable_path/Frameworks",
				);
				PRODUCT_BUNDLE_IDENTIFIER = jp.co.kiizankiizan.BodyMeasure;
				PRODUCT_NAME = "$(TARGET_NAME)";
				SWIFT_VERSION = 4.0;
				TARGETED_DEVICE_FAMILY = "1,2";
			};
			name = Debug;
		};
		FBC8295A20C577DF00F2CA11 /* Release */ = {
			isa = XCBuildConfiguration;
			buildSettings = {
				ASSETCATALOG_COMPILER_APPICON_NAME = AppIcon;
				CODE_SIGN_STYLE = Automatic;
				DEVELOPMENT_TEAM = L3KVSF9U8Y;
				FRAMEWORK_SEARCH_PATHS = (
					"$(inherited)",
					"$(PROJECT_DIR)/Carthage/Build/iOS",
				);
				INFOPLIST_FILE = BodyMeasure/Info.plist;
				IPHONEOS_DEPLOYMENT_TARGET = 11.0;
				LD_RUNPATH_SEARCH_PATHS = (
					"$(inherited)",
					"@executable_path/Frameworks",
				);
				PRODUCT_BUNDLE_IDENTIFIER = jp.co.kiizankiizan.BodyMeasure;
				PRODUCT_NAME = "$(TARGET_NAME)";
				SWIFT_VERSION = 4.0;
				TARGETED_DEVICE_FAMILY = "1,2";
			};
			name = Release;
		};
/* End XCBuildConfiguration section */

/* Begin XCConfigurationList section */
		FBC8294120C577DE00F2CA11 /* Build configuration list for PBXProject "BodyMeasure" */ = {
			isa = XCConfigurationList;
			buildConfigurations = (
				FBC8295620C577DF00F2CA11 /* Debug */,
				FBC8295720C577DF00F2CA11 /* Release */,
			);
			defaultConfigurationIsVisible = 0;
			defaultConfigurationName = Release;
		};
		FBC8295820C577DF00F2CA11 /* Build configuration list for PBXNativeTarget "BodyMeasure" */ = {
			isa = XCConfigurationList;
			buildConfigurations = (
				FBC8295920C577DF00F2CA11 /* Debug */,
				FBC8295A20C577DF00F2CA11 /* Release */,
			);
			defaultConfigurationIsVisible = 0;
			defaultConfigurationName = Release;
		};
/* End XCConfigurationList section */
	};
	rootObject = FBC8293E20C577DE00F2CA11 /* Project object */;
}
