// !$*UTF8*$!
{
	archiveVersion = 1;
	classes = {
	};
	objectVersion = 48;
	objects = {

/* Begin PBXBuildFile section */
		179AF58ADEB158E798ABC378 /* Pods_ClothScanController.framework in Frameworks */ = {isa = PBXBuildFile; fileRef = 69DC1F964087C9594024137D /* Pods_ClothScanController.framework */; };
		FB1605062096058A006CBDDE /* AppDelegate.swift in Sources */ = {isa = PBXBuildFile; fileRef = FB1605052096058A006CBDDE /* AppDelegate.swift */; };
		FB16050D2096058A006CBDDE /* Assets.xcassets in Resources */ = {isa = PBXBuildFile; fileRef = FB16050C2096058A006CBDDE /* Assets.xcassets */; };
		FB1605102096058A006CBDDE /* LaunchScreen.storyboard in Resources */ = {isa = PBXBuildFile; fileRef = FB16050E2096058A006CBDDE /* LaunchScreen.storyboard */; };
		FB64866A209B55DF0011F156 /* RecieveCommand.swift in Sources */ = {isa = PBXBuildFile; fileRef = FB648669209B55DF0011F156 /* RecieveCommand.swift */; };
		FB64866E209B57870011F156 /* SendImageRequest.swift in Sources */ = {isa = PBXBuildFile; fileRef = FB64866D209B57870011F156 /* SendImageRequest.swift */; };
		FB648670209B59E30011F156 /* SendImage.swift in Sources */ = {isa = PBXBuildFile; fileRef = FB64866F209B59E30011F156 /* SendImage.swift */; };
		FB9943412099A0D300996E80 /* SocketError.swift in Sources */ = {isa = PBXBuildFile; fileRef = FB99432A2099A0D300996E80 /* SocketError.swift */; };
		FB9943422099A0D300996E80 /* SocketHandler.swift in Sources */ = {isa = PBXBuildFile; fileRef = FB99432B2099A0D300996E80 /* SocketHandler.swift */; };
		FB9943432099A0D300996E80 /* SendCommand.swift in Sources */ = {isa = PBXBuildFile; fileRef = FB99432C2099A0D300996E80 /* SendCommand.swift */; };
		FB9943442099A0D300996E80 /* Request.swift in Sources */ = {isa = PBXBuildFile; fileRef = FB99432E2099A0D300996E80 /* Request.swift */; };
		FB9943452099A0D300996E80 /* ScanImageData.swift in Sources */ = {isa = PBXBuildFile; fileRef = FB99432F2099A0D300996E80 /* ScanImageData.swift */; };
		FB9943462099A0D300996E80 /* ImageScanRequest.swift in Sources */ = {isa = PBXBuildFile; fileRef = FB9943302099A0D300996E80 /* ImageScanRequest.swift */; };
		FB9943472099A0D300996E80 /* DataKey.swift in Sources */ = {isa = PBXBuildFile; fileRef = FB9943312099A0D300996E80 /* DataKey.swift */; };
		FB9943482099A0D300996E80 /* ScanButtonView.xib in Resources */ = {isa = PBXBuildFile; fileRef = FB9943342099A0D300996E80 /* ScanButtonView.xib */; };
		FB9943492099A0D300996E80 /* ScanButtonView.swift in Sources */ = {isa = PBXBuildFile; fileRef = FB9943352099A0D300996E80 /* ScanButtonView.swift */; };
		FB99434A2099A0D300996E80 /* ScanTableViewCell.swift in Sources */ = {isa = PBXBuildFile; fileRef = FB9943372099A0D300996E80 /* ScanTableViewCell.swift */; };
		FB99434C2099A0D300996E80 /* ScanViewController.storyboard in Resources */ = {isa = PBXBuildFile; fileRef = FB99433C2099A0D300996E80 /* ScanViewController.storyboard */; };
		FB99434D2099A0D300996E80 /* ScanViewController.swift in Sources */ = {isa = PBXBuildFile; fileRef = FB99433D2099A0D300996E80 /* ScanViewController.swift */; };
		FB99434E2099A0D300996E80 /* ViewController.swift in Sources */ = {isa = PBXBuildFile; fileRef = FB99433F2099A0D300996E80 /* ViewController.swift */; };
		FB99434F2099A0D300996E80 /* Main.storyboard in Resources */ = {isa = PBXBuildFile; fileRef = FB9943402099A0D300996E80 /* Main.storyboard */; };
		FB9943512099A22600996E80 /* IPAddress.swift in Sources */ = {isa = PBXBuildFile; fileRef = FB9943502099A22600996E80 /* IPAddress.swift */; };
		FB9943572099A84800996E80 /* QRCodeMaker.swift in Sources */ = {isa = PBXBuildFile; fileRef = FB9943562099A84800996E80 /* QRCodeMaker.swift */; };
		FB9943592099ABBE00996E80 /* BarcodeReaderViewController.swift in Sources */ = {isa = PBXBuildFile; fileRef = FB9943582099ABBE00996E80 /* BarcodeReaderViewController.swift */; };
		FBFF54F7209A15F400475F12 /* ScanImage.swift in Sources */ = {isa = PBXBuildFile; fileRef = FBFF54F6209A15F400475F12 /* ScanImage.swift */; };
/* End PBXBuildFile section */

/* Begin PBXFileReference section */
		69DC1F964087C9594024137D /* Pods_ClothScanController.framework */ = {isa = PBXFileReference; explicitFileType = wrapper.framework; includeInIndex = 0; path = Pods_ClothScanController.framework; sourceTree = BUILT_PRODUCTS_DIR; };
		B36F40FD1C44A766B29C8529 /* Pods-ClothScanController.debug.xcconfig */ = {isa = PBXFileReference; includeInIndex = 1; lastKnownFileType = text.xcconfig; name = "Pods-ClothScanController.debug.xcconfig"; path = "Pods/Target Support Files/Pods-ClothScanController/Pods-ClothScanController.debug.xcconfig"; sourceTree = "<group>"; };
		D0C686350CF2CEDBFCE4B0DA /* Pods-ClothScanController.release.xcconfig */ = {isa = PBXFileReference; includeInIndex = 1; lastKnownFileType = text.xcconfig; name = "Pods-ClothScanController.release.xcconfig"; path = "Pods/Target Support Files/Pods-ClothScanController/Pods-ClothScanController.release.xcconfig"; sourceTree = "<group>"; };
		FB1605022096058A006CBDDE /* ClothScanController.app */ = {isa = PBXFileReference; explicitFileType = wrapper.application; includeInIndex = 0; path = ClothScanController.app; sourceTree = BUILT_PRODUCTS_DIR; };
		FB1605052096058A006CBDDE /* AppDelegate.swift */ = {isa = PBXFileReference; lastKnownFileType = sourcecode.swift; path = AppDelegate.swift; sourceTree = "<group>"; };
		FB16050C2096058A006CBDDE /* Assets.xcassets */ = {isa = PBXFileReference; lastKnownFileType = folder.assetcatalog; path = Assets.xcassets; sourceTree = "<group>"; };
		FB16050F2096058A006CBDDE /* Base */ = {isa = PBXFileReference; lastKnownFileType = file.storyboard; name = Base; path = Base.lproj/LaunchScreen.storyboard; sourceTree = "<group>"; };
		FB1605112096058A006CBDDE /* Info.plist */ = {isa = PBXFileReference; lastKnownFileType = text.plist.xml; path = Info.plist; sourceTree = "<group>"; };
		FB648669209B55DF0011F156 /* RecieveCommand.swift */ = {isa = PBXFileReference; lastKnownFileType = sourcecode.swift; path = RecieveCommand.swift; sourceTree = "<group>"; };
		FB64866D209B57870011F156 /* SendImageRequest.swift */ = {isa = PBXFileReference; lastKnownFileType = sourcecode.swift; path = SendImageRequest.swift; sourceTree = "<group>"; };
		FB64866F209B59E30011F156 /* SendImage.swift */ = {isa = PBXFileReference; lastKnownFileType = sourcecode.swift; path = SendImage.swift; sourceTree = "<group>"; };
		FB99432A2099A0D300996E80 /* SocketError.swift */ = {isa = PBXFileReference; fileEncoding = 4; lastKnownFileType = sourcecode.swift; path = SocketError.swift; sourceTree = "<group>"; };
		FB99432B2099A0D300996E80 /* SocketHandler.swift */ = {isa = PBXFileReference; fileEncoding = 4; lastKnownFileType = sourcecode.swift; path = SocketHandler.swift; sourceTree = "<group>"; };
		FB99432C2099A0D300996E80 /* SendCommand.swift */ = {isa = PBXFileReference; fileEncoding = 4; lastKnownFileType = sourcecode.swift; path = SendCommand.swift; sourceTree = "<group>"; };
		FB99432E2099A0D300996E80 /* Request.swift */ = {isa = PBXFileReference; fileEncoding = 4; lastKnownFileType = sourcecode.swift; path = Request.swift; sourceTree = "<group>"; };
		FB99432F2099A0D300996E80 /* ScanImageData.swift */ = {isa = PBXFileReference; fileEncoding = 4; lastKnownFileType = sourcecode.swift; path = ScanImageData.swift; sourceTree = "<group>"; };
		FB9943302099A0D300996E80 /* ImageScanRequest.swift */ = {isa = PBXFileReference; fileEncoding = 4; lastKnownFileType = sourcecode.swift; path = ImageScanRequest.swift; sourceTree = "<group>"; };
		FB9943312099A0D300996E80 /* DataKey.swift */ = {isa = PBXFileReference; fileEncoding = 4; lastKnownFileType = sourcecode.swift; path = DataKey.swift; sourceTree = "<group>"; };
		FB9943342099A0D300996E80 /* ScanButtonView.xib */ = {isa = PBXFileReference; fileEncoding = 4; lastKnownFileType = file.xib; path = ScanButtonView.xib; sourceTree = "<group>"; };
		FB9943352099A0D300996E80 /* ScanButtonView.swift */ = {isa = PBXFileReference; fileEncoding = 4; lastKnownFileType = sourcecode.swift; path = ScanButtonView.swift; sourceTree = "<group>"; };
		FB9943372099A0D300996E80 /* ScanTableViewCell.swift */ = {isa = PBXFileReference; fileEncoding = 4; lastKnownFileType = sourcecode.swift; path = ScanTableViewCell.swift; sourceTree = "<group>"; };
		FB99433C2099A0D300996E80 /* ScanViewController.storyboard */ = {isa = PBXFileReference; fileEncoding = 4; lastKnownFileType = file.storyboard; path = ScanViewController.storyboard; sourceTree = "<group>"; };
		FB99433D2099A0D300996E80 /* ScanViewController.swift */ = {isa = PBXFileReference; fileEncoding = 4; lastKnownFileType = sourcecode.swift; path = ScanViewController.swift; sourceTree = "<group>"; };
		FB99433F2099A0D300996E80 /* ViewController.swift */ = {isa = PBXFileReference; fileEncoding = 4; lastKnownFileType = sourcecode.swift; path = ViewController.swift; sourceTree = "<group>"; };
		FB9943402099A0D300996E80 /* Main.storyboard */ = {isa = PBXFileReference; fileEncoding = 4; lastKnownFileType = file.storyboard; path = Main.storyboard; sourceTree = "<group>"; };
		FB9943502099A22600996E80 /* IPAddress.swift */ = {isa = PBXFileReference; lastKnownFileType = sourcecode.swift; path = IPAddress.swift; sourceTree = "<group>"; };
		FB9943522099A23900996E80 /* ClothScanController-Bridging-Header.h */ = {isa = PBXFileReference; lastKnownFileType = sourcecode.c.h; path = "ClothScanController-Bridging-Header.h"; sourceTree = "<group>"; };
		FB9943562099A84800996E80 /* QRCodeMaker.swift */ = {isa = PBXFileReference; lastKnownFileType = sourcecode.swift; path = QRCodeMaker.swift; sourceTree = "<group>"; };
		FB9943582099ABBE00996E80 /* BarcodeReaderViewController.swift */ = {isa = PBXFileReference; fileEncoding = 4; lastKnownFileType = sourcecode.swift; path = BarcodeReaderViewController.swift; sourceTree = "<group>"; };
		FBFF54F6209A15F400475F12 /* ScanImage.swift */ = {isa = PBXFileReference; lastKnownFileType = sourcecode.swift; path = ScanImage.swift; sourceTree = "<group>"; };
/* End PBXFileReference section */

/* Begin PBXFrameworksBuildPhase section */
		FB1604FF2096058A006CBDDE /* Frameworks */ = {
			isa = PBXFrameworksBuildPhase;
			buildActionMask = 2147483647;
			files = (
				179AF58ADEB158E798ABC378 /* Pods_ClothScanController.framework in Frameworks */,
			);
			runOnlyForDeploymentPostprocessing = 0;
		};
/* End PBXFrameworksBuildPhase section */

/* Begin PBXGroup section */
		15F8B9E0C2010065B53F351D /* Frameworks */ = {
			isa = PBXGroup;
			children = (
				69DC1F964087C9594024137D /* Pods_ClothScanController.framework */,
			);
			name = Frameworks;
			sourceTree = "<group>";
		};
		A57D34E68172B3186CE82160 /* Pods */ = {
			isa = PBXGroup;
			children = (
				B36F40FD1C44A766B29C8529 /* Pods-ClothScanController.debug.xcconfig */,
				D0C686350CF2CEDBFCE4B0DA /* Pods-ClothScanController.release.xcconfig */,
			);
			name = Pods;
			sourceTree = "<group>";
		};
		FB1604F92096058A006CBDDE = {
			isa = PBXGroup;
			children = (
				FB1605042096058A006CBDDE /* ClothScanController */,
				FB1605032096058A006CBDDE /* Products */,
				A57D34E68172B3186CE82160 /* Pods */,
				15F8B9E0C2010065B53F351D /* Frameworks */,
			);
			sourceTree = "<group>";
		};
		FB1605032096058A006CBDDE /* Products */ = {
			isa = PBXGroup;
			children = (
				FB1605022096058A006CBDDE /* ClothScanController.app */,
			);
			name = Products;
			sourceTree = "<group>";
		};
		FB1605042096058A006CBDDE /* ClothScanController */ = {
			isa = PBXGroup;
			children = (
				FB1605052096058A006CBDDE /* AppDelegate.swift */,
				FB9943522099A23900996E80 /* ClothScanController-Bridging-Header.h */,
				FB16050C2096058A006CBDDE /* Assets.xcassets */,
				FB16050E2096058A006CBDDE /* LaunchScreen.storyboard */,
				FB1605112096058A006CBDDE /* Info.plist */,
				FB9943282099A0D300996E80 /* Model */,
				FB9943382099A0D300996E80 /* ViewController */,
				FB9943322099A0D300996E80 /* View */,
			);
			path = ClothScanController;
			sourceTree = "<group>";
		};
		FB9943282099A0D300996E80 /* Model */ = {
			isa = PBXGroup;
			children = (
				FB9943502099A22600996E80 /* IPAddress.swift */,
				FB9943562099A84800996E80 /* QRCodeMaker.swift */,
				FB9943292099A0D300996E80 /* Socket */,
			);
			path = Model;
			sourceTree = "<group>";
		};
		FB9943292099A0D300996E80 /* Socket */ = {
			isa = PBXGroup;
			children = (
				FB99432D2099A0D300996E80 /* Request */,
				FB99432A2099A0D300996E80 /* SocketError.swift */,
				FB99432B2099A0D300996E80 /* SocketHandler.swift */,
				FB99432C2099A0D300996E80 /* SendCommand.swift */,
				FB648669209B55DF0011F156 /* RecieveCommand.swift */,
				FB9943312099A0D300996E80 /* DataKey.swift */,
				FBFF54F6209A15F400475F12 /* ScanImage.swift */,
				FB64866F209B59E30011F156 /* SendImage.swift */,
			);
			path = Socket;
			sourceTree = "<group>";
		};
		FB99432D2099A0D300996E80 /* Request */ = {
			isa = PBXGroup;
			children = (
				FB99432E2099A0D300996E80 /* Request.swift */,
				FB99432F2099A0D300996E80 /* ScanImageData.swift */,
				FB9943302099A0D300996E80 /* ImageScanRequest.swift */,
				FB64866D209B57870011F156 /* SendImageRequest.swift */,
			);
			path = Request;
			sourceTree = "<group>";
		};
		FB9943322099A0D300996E80 /* View */ = {
			isa = PBXGroup;
			children = (
				FB9943332099A0D300996E80 /* ScanButtonView */,
				FB9943362099A0D300996E80 /* ScanTableView */,
			);
			path = View;
			sourceTree = "<group>";
		};
		FB9943332099A0D300996E80 /* ScanButtonView */ = {
			isa = PBXGroup;
			children = (
				FB9943342099A0D300996E80 /* ScanButtonView.xib */,
				FB9943352099A0D300996E80 /* ScanButtonView.swift */,
			);
			path = ScanButtonView;
			sourceTree = "<group>";
		};
		FB9943362099A0D300996E80 /* ScanTableView */ = {
			isa = PBXGroup;
			children = (
				FB9943372099A0D300996E80 /* ScanTableViewCell.swift */,
			);
			path = ScanTableView;
			sourceTree = "<group>";
		};
		FB9943382099A0D300996E80 /* ViewController */ = {
			isa = PBXGroup;
			children = (
				FB99433A2099A0D300996E80 /* BarcodeReaderViewController */,
				FB99433B2099A0D300996E80 /* ScanViewController */,
				FB99433E2099A0D300996E80 /* Main */,
			);
			path = ViewController;
			sourceTree = "<group>";
		};
		FB99433A2099A0D300996E80 /* BarcodeReaderViewController */ = {
			isa = PBXGroup;
			children = (
				FB9943582099ABBE00996E80 /* BarcodeReaderViewController.swift */,
			);
			path = BarcodeReaderViewController;
			sourceTree = "<group>";
		};
		FB99433B2099A0D300996E80 /* ScanViewController */ = {
			isa = PBXGroup;
			children = (
				FB99433C2099A0D300996E80 /* ScanViewController.storyboard */,
				FB99433D2099A0D300996E80 /* ScanViewController.swift */,
			);
			path = ScanViewController;
			sourceTree = "<group>";
		};
		FB99433E2099A0D300996E80 /* Main */ = {
			isa = PBXGroup;
			children = (
				FB99433F2099A0D300996E80 /* ViewController.swift */,
				FB9943402099A0D300996E80 /* Main.storyboard */,
			);
			path = Main;
			sourceTree = "<group>";
		};
/* End PBXGroup section */

/* Begin PBXNativeTarget section */
		FB1605012096058A006CBDDE /* ClothScanController */ = {
			isa = PBXNativeTarget;
			buildConfigurationList = FB1605142096058A006CBDDE /* Build configuration list for PBXNativeTarget "ClothScanController" */;
			buildPhases = (
				D57A1753E678DC0176C36391 /* [CP] Check Pods Manifest.lock */,
				FB1604FE2096058A006CBDDE /* Sources */,
				FB1604FF2096058A006CBDDE /* Frameworks */,
				FB1605002096058A006CBDDE /* Resources */,
				CFD2DB36E01BF0C184DB5C2C /* [CP] Embed Pods Frameworks */,
				E39CAF80F9A311EAA1DD35A4 /* [CP] Copy Pods Resources */,
			);
			buildRules = (
			);
			dependencies = (
			);
			name = ClothScanController;
			productName = ClothScanController;
			productReference = FB1605022096058A006CBDDE /* ClothScanController.app */;
			productType = "com.apple.product-type.application";
		};
/* End PBXNativeTarget section */

/* Begin PBXProject section */
		FB1604FA2096058A006CBDDE /* Project object */ = {
			isa = PBXProject;
			attributes = {
				LastSwiftUpdateCheck = 0920;
				LastUpgradeCheck = 0920;
				ORGANIZATIONNAME = "kiizan-kiizan";
				TargetAttributes = {
					FB1605012096058A006CBDDE = {
						CreatedOnToolsVersion = 9.2;
						LastSwiftMigration = 0920;
						ProvisioningStyle = Automatic;
					};
				};
			};
			buildConfigurationList = FB1604FD2096058A006CBDDE /* Build configuration list for PBXProject "ClothScanController" */;
			compatibilityVersion = "Xcode 8.0";
			developmentRegion = en;
			hasScannedForEncodings = 0;
			knownRegions = (
				en,
				Base,
			);
			mainGroup = FB1604F92096058A006CBDDE;
			productRefGroup = FB1605032096058A006CBDDE /* Products */;
			projectDirPath = "";
			projectRoot = "";
			targets = (
				FB1605012096058A006CBDDE /* ClothScanController */,
			);
		};
/* End PBXProject section */

/* Begin PBXResourcesBuildPhase section */
		FB1605002096058A006CBDDE /* Resources */ = {
			isa = PBXResourcesBuildPhase;
			buildActionMask = 2147483647;
			files = (
				FB99434C2099A0D300996E80 /* ScanViewController.storyboard in Resources */,
				FB99434F2099A0D300996E80 /* Main.storyboard in Resources */,
				FB1605102096058A006CBDDE /* LaunchScreen.storyboard in Resources */,
				FB9943482099A0D300996E80 /* ScanButtonView.xib in Resources */,
				FB16050D2096058A006CBDDE /* Assets.xcassets in Resources */,
			);
			runOnlyForDeploymentPostprocessing = 0;
		};
/* End PBXResourcesBuildPhase section */

/* Begin PBXShellScriptBuildPhase section */
		CFD2DB36E01BF0C184DB5C2C /* [CP] Embed Pods Frameworks */ = {
			isa = PBXShellScriptBuildPhase;
			buildActionMask = 2147483647;
			files = (
			);
			inputPaths = (
				"${SRCROOT}/Pods/Target Support Files/Pods-ClothScanController/Pods-ClothScanController-frameworks.sh",
				"${BUILT_PRODUCTS_DIR}/CocoaAsyncSocket/CocoaAsyncSocket.framework",
			);
			name = "[CP] Embed Pods Frameworks";
			outputPaths = (
				"${TARGET_BUILD_DIR}/${FRAMEWORKS_FOLDER_PATH}/CocoaAsyncSocket.framework",
			);
			runOnlyForDeploymentPostprocessing = 0;
			shellPath = /bin/sh;
			shellScript = "\"${SRCROOT}/Pods/Target Support Files/Pods-ClothScanController/Pods-ClothScanController-frameworks.sh\"\n";
			showEnvVarsInLog = 0;
		};
		D57A1753E678DC0176C36391 /* [CP] Check Pods Manifest.lock */ = {
			isa = PBXShellScriptBuildPhase;
			buildActionMask = 2147483647;
			files = (
			);
			inputPaths = (
				"${PODS_PODFILE_DIR_PATH}/Podfile.lock",
				"${PODS_ROOT}/Manifest.lock",
			);
			name = "[CP] Check Pods Manifest.lock";
			outputPaths = (
				"$(DERIVED_FILE_DIR)/Pods-ClothScanController-checkManifestLockResult.txt",
			);
			runOnlyForDeploymentPostprocessing = 0;
			shellPath = /bin/sh;
			shellScript = "diff \"${PODS_PODFILE_DIR_PATH}/Podfile.lock\" \"${PODS_ROOT}/Manifest.lock\" > /dev/null\nif [ $? != 0 ] ; then\n    # print error to STDERR\n    echo \"error: The sandbox is not in sync with the Podfile.lock. Run 'pod install' or update your CocoaPods installation.\" >&2\n    exit 1\nfi\n# This output is used by Xcode 'outputs' to avoid re-running this script phase.\necho \"SUCCESS\" > \"${SCRIPT_OUTPUT_FILE_0}\"\n";
			showEnvVarsInLog = 0;
		};
		E39CAF80F9A311EAA1DD35A4 /* [CP] Copy Pods Resources */ = {
			isa = PBXShellScriptBuildPhase;
			buildActionMask = 2147483647;
			files = (
			);
			inputPaths = (
			);
			name = "[CP] Copy Pods Resources";
			outputPaths = (
			);
			runOnlyForDeploymentPostprocessing = 0;
			shellPath = /bin/sh;
			shellScript = "\"${SRCROOT}/Pods/Target Support Files/Pods-ClothScanController/Pods-ClothScanController-resources.sh\"\n";
			showEnvVarsInLog = 0;
		};
/* End PBXShellScriptBuildPhase section */

/* Begin PBXSourcesBuildPhase section */
		FB1604FE2096058A006CBDDE /* Sources */ = {
			isa = PBXSourcesBuildPhase;
			buildActionMask = 2147483647;
			files = (
				FB9943492099A0D300996E80 /* ScanButtonView.swift in Sources */,
				FB9943422099A0D300996E80 /* SocketHandler.swift in Sources */,
				FB64866A209B55DF0011F156 /* RecieveCommand.swift in Sources */,
				FBFF54F7209A15F400475F12 /* ScanImage.swift in Sources */,
				FB99434A2099A0D300996E80 /* ScanTableViewCell.swift in Sources */,
				FB9943432099A0D300996E80 /* SendCommand.swift in Sources */,
				FB9943452099A0D300996E80 /* ScanImageData.swift in Sources */,
				FB9943592099ABBE00996E80 /* BarcodeReaderViewController.swift in Sources */,
				FB9943472099A0D300996E80 /* DataKey.swift in Sources */,
				FB64866E209B57870011F156 /* SendImageRequest.swift in Sources */,
				FB9943442099A0D300996E80 /* Request.swift in Sources */,
				FB99434E2099A0D300996E80 /* ViewController.swift in Sources */,
				FB9943512099A22600996E80 /* IPAddress.swift in Sources */,
				FB1605062096058A006CBDDE /* AppDelegate.swift in Sources */,
				FB648670209B59E30011F156 /* SendImage.swift in Sources */,
				FB9943462099A0D300996E80 /* ImageScanRequest.swift in Sources */,
				FB9943412099A0D300996E80 /* SocketError.swift in Sources */,
				FB9943572099A84800996E80 /* QRCodeMaker.swift in Sources */,
				FB99434D2099A0D300996E80 /* ScanViewController.swift in Sources */,
			);
			runOnlyForDeploymentPostprocessing = 0;
		};
/* End PBXSourcesBuildPhase section */

/* Begin PBXVariantGroup section */
		FB16050E2096058A006CBDDE /* LaunchScreen.storyboard */ = {
			isa = PBXVariantGroup;
			children = (
				FB16050F2096058A006CBDDE /* Base */,
			);
			name = LaunchScreen.storyboard;
			sourceTree = "<group>";
		};
/* End PBXVariantGroup section */

/* Begin XCBuildConfiguration section */
		FB1605122096058A006CBDDE /* Debug */ = {
			isa = XCBuildConfiguration;
			buildSettings = {
				ALWAYS_SEARCH_USER_PATHS = NO;
				CLANG_ANALYZER_NONNULL = YES;
				CLANG_ANALYZER_NUMBER_OBJECT_CONVERSION = YES_AGGRESSIVE;
				CLANG_CXX_LANGUAGE_STANDARD = "gnu++14";
				CLANG_CXX_LIBRARY = "libc++";
				CLANG_ENABLE_MODULES = YES;
				CLANG_ENABLE_OBJC_ARC = YES;
				CLANG_WARN_BLOCK_CAPTURE_AUTORELEASING = YES;
				CLANG_WARN_BOOL_CONVERSION = YES;
				CLANG_WARN_COMMA = YES;
				CLANG_WARN_CONSTANT_CONVERSION = YES;
				CLANG_WARN_DIRECT_OBJC_ISA_USAGE = YES_ERROR;
				CLANG_WARN_DOCUMENTATION_COMMENTS = YES;
				CLANG_WARN_EMPTY_BODY = YES;
				CLANG_WARN_ENUM_CONVERSION = YES;
				CLANG_WARN_INFINITE_RECURSION = YES;
				CLANG_WARN_INT_CONVERSION = YES;
				CLANG_WARN_NON_LITERAL_NULL_CONVERSION = YES;
				CLANG_WARN_OBJC_LITERAL_CONVERSION = YES;
				CLANG_WARN_OBJC_ROOT_CLASS = YES_ERROR;
				CLANG_WARN_RANGE_LOOP_ANALYSIS = YES;
				CLANG_WARN_STRICT_PROTOTYPES = YES;
				CLANG_WARN_SUSPICIOUS_MOVE = YES;
				CLANG_WARN_UNGUARDED_AVAILABILITY = YES_AGGRESSIVE;
				CLANG_WARN_UNREACHABLE_CODE = YES;
				CLANG_WARN__DUPLICATE_METHOD_MATCH = YES;
				CODE_SIGN_IDENTITY = "iPhone Developer";
				COPY_PHASE_STRIP = NO;
				DEBUG_INFORMATION_FORMAT = dwarf;
				ENABLE_STRICT_OBJC_MSGSEND = YES;
				ENABLE_TESTABILITY = YES;
				GCC_C_LANGUAGE_STANDARD = gnu11;
				GCC_DYNAMIC_NO_PIC = NO;
				GCC_NO_COMMON_BLOCKS = YES;
				GCC_OPTIMIZATION_LEVEL = 0;
				GCC_PREPROCESSOR_DEFINITIONS = (
					"DEBUG=1",
					"$(inherited)",
				);
				GCC_WARN_64_TO_32_BIT_CONVERSION = YES;
				GCC_WARN_ABOUT_RETURN_TYPE = YES_ERROR;
				GCC_WARN_UNDECLARED_SELECTOR = YES;
				GCC_WARN_UNINITIALIZED_AUTOS = YES_AGGRESSIVE;
				GCC_WARN_UNUSED_FUNCTION = YES;
				GCC_WARN_UNUSED_VARIABLE = YES;
				IPHONEOS_DEPLOYMENT_TARGET = 11.2;
				MTL_ENABLE_DEBUG_INFO = YES;
				ONLY_ACTIVE_ARCH = YES;
				SDKROOT = iphoneos;
				SWIFT_ACTIVE_COMPILATION_CONDITIONS = DEBUG;
				SWIFT_OPTIMIZATION_LEVEL = "-Onone";
			};
			name = Debug;
		};
		FB1605132096058A006CBDDE /* Release */ = {
			isa = XCBuildConfiguration;
			buildSettings = {
				ALWAYS_SEARCH_USER_PATHS = NO;
				CLANG_ANALYZER_NONNULL = YES;
				CLANG_ANALYZER_NUMBER_OBJECT_CONVERSION = YES_AGGRESSIVE;
				CLANG_CXX_LANGUAGE_STANDARD = "gnu++14";
				CLANG_CXX_LIBRARY = "libc++";
				CLANG_ENABLE_MODULES = YES;
				CLANG_ENABLE_OBJC_ARC = YES;
				CLANG_WARN_BLOCK_CAPTURE_AUTORELEASING = YES;
				CLANG_WARN_BOOL_CONVERSION = YES;
				CLANG_WARN_COMMA = YES;
				CLANG_WARN_CONSTANT_CONVERSION = YES;
				CLANG_WARN_DIRECT_OBJC_ISA_USAGE = YES_ERROR;
				CLANG_WARN_DOCUMENTATION_COMMENTS = YES;
				CLANG_WARN_EMPTY_BODY = YES;
				CLANG_WARN_ENUM_CONVERSION = YES;
				CLANG_WARN_INFINITE_RECURSION = YES;
				CLANG_WARN_INT_CONVERSION = YES;
				CLANG_WARN_NON_LITERAL_NULL_CONVERSION = YES;
				CLANG_WARN_OBJC_LITERAL_CONVERSION = YES;
				CLANG_WARN_OBJC_ROOT_CLASS = YES_ERROR;
				CLANG_WARN_RANGE_LOOP_ANALYSIS = YES;
				CLANG_WARN_STRICT_PROTOTYPES = YES;
				CLANG_WARN_SUSPICIOUS_MOVE = YES;
				CLANG_WARN_UNGUARDED_AVAILABILITY = YES_AGGRESSIVE;
				CLANG_WARN_UNREACHABLE_CODE = YES;
				CLANG_WARN__DUPLICATE_METHOD_MATCH = YES;
				CODE_SIGN_IDENTITY = "iPhone Developer";
				COPY_PHASE_STRIP = NO;
				DEBUG_INFORMATION_FORMAT = "dwarf-with-dsym";
				ENABLE_NS_ASSERTIONS = NO;
				ENABLE_STRICT_OBJC_MSGSEND = YES;
				GCC_C_LANGUAGE_STANDARD = gnu11;
				GCC_NO_COMMON_BLOCKS = YES;
				GCC_WARN_64_TO_32_BIT_CONVERSION = YES;
				GCC_WARN_ABOUT_RETURN_TYPE = YES_ERROR;
				GCC_WARN_UNDECLARED_SELECTOR = YES;
				GCC_WARN_UNINITIALIZED_AUTOS = YES_AGGRESSIVE;
				GCC_WARN_UNUSED_FUNCTION = YES;
				GCC_WARN_UNUSED_VARIABLE = YES;
				IPHONEOS_DEPLOYMENT_TARGET = 11.2;
				MTL_ENABLE_DEBUG_INFO = NO;
				SDKROOT = iphoneos;
				SWIFT_OPTIMIZATION_LEVEL = "-Owholemodule";
				VALIDATE_PRODUCT = YES;
			};
			name = Release;
		};
		FB1605152096058A006CBDDE /* Debug */ = {
			isa = XCBuildConfiguration;
			baseConfigurationReference = B36F40FD1C44A766B29C8529 /* Pods-ClothScanController.debug.xcconfig */;
			buildSettings = {
				ASSETCATALOG_COMPILER_APPICON_NAME = AppIcon;
				CLANG_ENABLE_MODULES = YES;
				CODE_SIGN_STYLE = Automatic;
				DEVELOPMENT_TEAM = L3KVSF9U8Y;
				INFOPLIST_FILE = ClothScanController/Info.plist;
				IPHONEOS_DEPLOYMENT_TARGET = 9.0;
				LD_RUNPATH_SEARCH_PATHS = "$(inherited) @executable_path/Frameworks";
				PRODUCT_BUNDLE_IDENTIFIER = jp.co.kiizankiizan.ClothScanController;
				PRODUCT_NAME = "$(TARGET_NAME)";
				SWIFT_INSTALL_OBJC_HEADER = NO;
				SWIFT_OBJC_BRIDGING_HEADER = "ClothScanController/ClothScanController-Bridging-Header.h";
				SWIFT_OPTIMIZATION_LEVEL = "-Onone";
				SWIFT_PRECOMPILE_BRIDGING_HEADER = NO;
				SWIFT_VERSION = 4.0;
				TARGETED_DEVICE_FAMILY = "1,2";
			};
			name = Debug;
		};
		FB1605162096058A006CBDDE /* Release */ = {
			isa = XCBuildConfiguration;
			baseConfigurationReference = D0C686350CF2CEDBFCE4B0DA /* Pods-ClothScanController.release.xcconfig */;
			buildSettings = {
				ASSETCATALOG_COMPILER_APPICON_NAME = AppIcon;
				CLANG_ENABLE_MODULES = YES;
				CODE_SIGN_STYLE = Automatic;
				DEVELOPMENT_TEAM = L3KVSF9U8Y;
				INFOPLIST_FILE = ClothScanController/Info.plist;
				IPHONEOS_DEPLOYMENT_TARGET = 9.0;
				LD_RUNPATH_SEARCH_PATHS = "$(inherited) @executable_path/Frameworks";
				PRODUCT_BUNDLE_IDENTIFIER = jp.co.kiizankiizan.ClothScanController;
				PRODUCT_NAME = "$(TARGET_NAME)";
				SWIFT_INSTALL_OBJC_HEADER = NO;
				SWIFT_OBJC_BRIDGING_HEADER = "ClothScanController/ClothScanController-Bridging-Header.h";
				SWIFT_PRECOMPILE_BRIDGING_HEADER = NO;
				SWIFT_VERSION = 4.0;
				TARGETED_DEVICE_FAMILY = "1,2";
			};
			name = Release;
		};
/* End XCBuildConfiguration section */

/* Begin XCConfigurationList section */
		FB1604FD2096058A006CBDDE /* Build configuration list for PBXProject "ClothScanController" */ = {
			isa = XCConfigurationList;
			buildConfigurations = (
				FB1605122096058A006CBDDE /* Debug */,
				FB1605132096058A006CBDDE /* Release */,
			);
			defaultConfigurationIsVisible = 0;
			defaultConfigurationName = Release;
		};
		FB1605142096058A006CBDDE /* Build configuration list for PBXNativeTarget "ClothScanController" */ = {
			isa = XCConfigurationList;
			buildConfigurations = (
				FB1605152096058A006CBDDE /* Debug */,
				FB1605162096058A006CBDDE /* Release */,
			);
			defaultConfigurationIsVisible = 0;
			defaultConfigurationName = Release;
		};
/* End XCConfigurationList section */
	};
	rootObject = FB1604FA2096058A006CBDDE /* Project object */;
}
